
Microsoft Visual Studio Solution File, Format Version 12.00
# Visual Studio Version 16
VisualStudioVersion = 16.0.31613.86
MinimumVisualStudioVersion = 10.0.40219.1
Project("{FAE04EC0-301F-11D3-BF4B-00C04F79EFBC}") = "DateTwo", "DateTwo\DateTwo.csproj", "{15E449CF-1BC3-40CC-B74B-9B1A40DED26E}"
EndProject
Global
	GlobalSection(SolutionConfigurationPlatforms) = preSolution
		Debug|Any CPU = Debug|Any CPU
		Release|Any CPU = Release|Any CPU
	EndGlobalSection
	GlobalSection(ProjectConfigurationPlatforms) = postSolution
		{15E449CF-1BC3-40CC-B74B-9B1A40DED26E}.Debug|Any CPU.ActiveCfg = Debug|Any CPU
		{15E449CF-1BC3-40CC-B74B-9B1A40DED26E}.Debug|Any CPU.Build.0 = Debug|Any CPU
		{15E449CF-1BC3-40CC-B74B-9B1A40DED26E}.Release|Any CPU.ActiveCfg = Release|Any CPU
		{15E449CF-1BC3-40CC-B74B-9B1A40DED26E}.Release|Any CPU.Build.0 = Release|Any CPU
	EndGlobalSection
	GlobalSection(SolutionProperties) = preSolution
		HideSolutionNode = FALSE
	EndGlobalSection
	GlobalSection(ExtensibilityGlobals) = postSolution
		SolutionGuid = {F71B23B5-FBFD-4E00-BEB9-D5075D7EC592}
	EndGlobalSection
EndGlobal
